
Microsoft Visual Studio Solution File, Format Version 12.00
# Visual Studio 14
VisualStudioVersion = 14.0.25123.0
MinimumVisualStudioVersion = 10.0.40219.1
Project("{C165BFC5-FD7F-4DDE-BA55-350352F11056}") = "Sitecore.Support.91970", "Sitecore.Support.91970\Sitecore.Support.91970.csproj", "{0DB6983A-EB56-47BA-AA64-C086EFB1DE98}"
EndProject
Global
	GlobalSection(SolutionConfigurationPlatforms) = preSolution
		Debug|Any CPU = Debug|Any CPU
		Release|Any CPU = Release|Any CPU
	EndGlobalSection
	GlobalSection(ProjectConfigurationPlatforms) = postSolution
		{0DB6983A-EB56-47BA-AA64-C086EFB1DE98}.Debug|Any CPU.ActiveCfg = Debug|Any CPU
		{0DB6983A-EB56-47BA-AA64-C086EFB1DE98}.Debug|Any CPU.Build.0 = Debug|Any CPU
		{0DB6983A-EB56-47BA-AA64-C086EFB1DE98}.Release|Any CPU.ActiveCfg = Release|Any CPU
		{0DB6983A-EB56-47BA-AA64-C086EFB1DE98}.Release|Any CPU.Build.0 = Release|Any CPU
	EndGlobalSection
	GlobalSection(SolutionProperties) = preSolution
		HideSolutionNode = FALSE
	EndGlobalSection
EndGlobal
